PODS:
  - Maraca (0.1.0):
    - SKTCapture (~> 1.2)
  - SKTCapture (1.2.36)

DEPENDENCIES:
  - Maraca (from `../`)
  - SKTCapture (~> 1.2)

SPEC REPOS:
  trunk:
    - SKTCapture

EXTERNAL SOURCES:
  Maraca:
    :path: "../"

SPEC CHECKSUMS:
  Maraca: b6bfc32be6c9264ea674a9babc6de4a8691d64be
  SKTCapture: 49e42fab5b272728a7b275831598af4a6fca379a

PODFILE CHECKSUM: aac9fa3e13bfcaa8727e0b9933a8d7fcb0ea2f87

COCOAPODS: 1.8.4
