PODS:
  - Maraca (0.1.0):
    - SKTCapture (~> 1.1)
  - SKTCapture (1.1.372)

DEPENDENCIES:
  - Maraca (from `../`)
  - SKTCapture (~> 1.1)

SPEC REPOS:
  trunk:
    - SKTCapture

EXTERNAL SOURCES:
  Maraca:
    :path: "../"

SPEC CHECKSUMS:
  Maraca: 7070d9486894a7debfa54ae57198ca596e5710d4
  SKTCapture: 8eae6acdfa4b3b61995f14a41b110f0d65b8e2df

PODFILE CHECKSUM: 0fa6ab981720fb41c17cb9f33ef40fad984b5ff2

COCOAPODS: 1.8.4
